{
	"name": "@iepaas/model",
	"version": "0.0.1",
	"lockfileVersion": 1,
	"requires": true,
	"dependencies": {
		"@types/node": {
			"version": "8.5.8",
			"resolved": "https://registry.npmjs.org/@types/node/-/node-8.5.8.tgz",
			"integrity": "sha512-8KmlRxwbKZfjUHFIt3q8TF5S2B+/E5BaAoo/3mgc5h6FJzqxXkCK/VMetO+IRDtwtU6HUvovHMBn+XRj7SV9Qg==",
			"dev": true
		},
		"prettier": {
			"version": "1.10.2",
			"resolved": "https://registry.npmjs.org/prettier/-/prettier-1.10.2.tgz",
			"integrity": "sha512-TcdNoQIWFoHblurqqU6d1ysopjq7UX0oRcT/hJ8qvBAELiYWn+Ugf0AXdnzISEJ7vuhNnQ98N8jR8Sh53x4IZg==",
			"dev": true
		},
		"typescript": {
			"version": "2.6.2",
			"resolved": "https://registry.npmjs.org/typescript/-/typescript-2.6.2.tgz",
			"integrity": "sha1-PFtv1/beCRQmkCfwPAlGdY92c6Q=",
			"dev": true
		}
	}
}
